// !$*UTF8*$!
{
	archiveVersion = 1;
	classes = {
	};
	objectVersion = 48;
	objects = {

/* Begin PBXBuildFile section */
		1A69F06E1FF0FB4200B224DF /* CCVertexFormat.cpp in Sources */ = {isa = PBXBuildFile; fileRef = 1A69F0681FF0FB4200B224DF /* CCVertexFormat.cpp */; };
		1A69F06F1FF0FB4200B224DF /* CCIndexBuffer.cpp in Sources */ = {isa = PBXBuildFile; fileRef = 1A69F0691FF0FB4200B224DF /* CCIndexBuffer.cpp */; };
		1A69F0701FF0FB4200B224DF /* CCVertexBuffer.cpp in Sources */ = {isa = PBXBuildFile; fileRef = 1A69F06B1FF0FB4200B224DF /* CCVertexBuffer.cpp */; };
		1A69F0741FF102A300B224DF /* CCRenderBuffer.cpp in Sources */ = {isa = PBXBuildFile; fileRef = 1A69F0721FF102A300B224DF /* CCRenderBuffer.cpp */; };
		1A69F0771FF1E19D00B224DF /* CCGraphicsHandle.cpp in Sources */ = {isa = PBXBuildFile; fileRef = 1A69F0751FF1E19D00B224DF /* CCGraphicsHandle.cpp */; };
		1A69F07A1FF1E41A00B224DF /* CCRenderTarget.cpp in Sources */ = {isa = PBXBuildFile; fileRef = 1A69F0781FF1E41A00B224DF /* CCRenderTarget.cpp */; };
		1A69F07D1FF1F50D00B224DF /* CCTexture.cpp in Sources */ = {isa = PBXBuildFile; fileRef = 1A69F07B1FF1F50D00B224DF /* CCTexture.cpp */; };
		1A69F0801FF1F52C00B224DF /* CCTexture2D.cpp in Sources */ = {isa = PBXBuildFile; fileRef = 1A69F07E1FF1F52C00B224DF /* CCTexture2D.cpp */; };
		1A69F0981FF21E1900B224DF /* CCRef.cpp in Sources */ = {isa = PBXBuildFile; fileRef = 1A69F08A1FF21E1900B224DF /* CCRef.cpp */; };
		1A69F0991FF21E1900B224DF /* ccTypes.cpp in Sources */ = {isa = PBXBuildFile; fileRef = 1A69F08D1FF21E1900B224DF /* ccTypes.cpp */; };
		1A69F09A1FF21E1900B224DF /* CCValue.cpp in Sources */ = {isa = PBXBuildFile; fileRef = 1A69F08F1FF21E1900B224DF /* CCValue.cpp */; };
		1A69F09B1FF21E1900B224DF /* CCImage.cpp in Sources */ = {isa = PBXBuildFile; fileRef = 1A69F0931FF21E1900B224DF /* CCImage.cpp */; };
		1A69F09C1FF21E1900B224DF /* CCFileUtils.cpp in Sources */ = {isa = PBXBuildFile; fileRef = 1A69F0971FF21E1900B224DF /* CCFileUtils.cpp */; };
		1A69F09F1FF21F3100B224DF /* CCData.cpp in Sources */ = {isa = PBXBuildFile; fileRef = 1A69F09E1FF21F3100B224DF /* CCData.cpp */; };
		1A69F0AA1FF2229200B224DF /* etc1.cpp in Sources */ = {isa = PBXBuildFile; fileRef = 1A69F0A41FF2229200B224DF /* etc1.cpp */; };
		1A69F0AB1FF2229200B224DF /* TGAlib.cpp in Sources */ = {isa = PBXBuildFile; fileRef = 1A69F0A51FF2229200B224DF /* TGAlib.cpp */; };
		1A69F0AC1FF2229200B224DF /* pvr.cpp in Sources */ = {isa = PBXBuildFile; fileRef = 1A69F0A91FF2229200B224DF /* pvr.cpp */; };
		1A69F0B01FF2230D00B224DF /* ccRandom.cpp in Sources */ = {isa = PBXBuildFile; fileRef = 1A69F0AE1FF2230C00B224DF /* ccRandom.cpp */; };
		1A69F0B31FF223AF00B224DF /* CCSAXParser.cpp in Sources */ = {isa = PBXBuildFile; fileRef = 1A69F0B21FF223AF00B224DF /* CCSAXParser.cpp */; };
		1A69F0BC1FF2248500B224DF /* ZipUtils.cpp in Sources */ = {isa = PBXBuildFile; fileRef = 1A69F0BB1FF2248500B224DF /* ZipUtils.cpp */; };
		1A69F0CA1FF2261A00B224DF /* CCConfiguration.cpp in Sources */ = {isa = PBXBuildFile; fileRef = 1A69F0C91FF2261A00B224DF /* CCConfiguration.cpp */; };
		1A69F0D01FF228AD00B224DF /* libz.a in Frameworks */ = {isa = PBXBuildFile; fileRef = 1A69F0CC1FF228AD00B224DF /* libz.a */; };
		1A69F0D11FF228AD00B224DF /* libjpeg.a in Frameworks */ = {isa = PBXBuildFile; fileRef = 1A69F0CD1FF228AD00B224DF /* libjpeg.a */; };
		1A69F0D21FF228AD00B224DF /* libglfw3.a in Frameworks */ = {isa = PBXBuildFile; fileRef = 1A69F0CE1FF228AD00B224DF /* libglfw3.a */; };
		1A69F0D31FF228AD00B224DF /* libpng.a in Frameworks */ = {isa = PBXBuildFile; fileRef = 1A69F0CF1FF228AD00B224DF /* libpng.a */; };
		1A69F0D71FF2290100B224DF /* CCFileUtils-apple.mm in Sources */ = {isa = PBXBuildFile; fileRef = 1A69F0D61FF2290000B224DF /* CCFileUtils-apple.mm */; };
		1A69F0FE1FF22B0200B224DF /* ioapi_mem.cpp in Sources */ = {isa = PBXBuildFile; fileRef = 1A69F0DB1FF22B0200B224DF /* ioapi_mem.cpp */; };
		1A69F0FF1FF22B0200B224DF /* ioapi.cpp in Sources */ = {isa = PBXBuildFile; fileRef = 1A69F0DC1FF22B0200B224DF /* ioapi.cpp */; };
		1A69F1001FF22B0200B224DF /* unzip.cpp in Sources */ = {isa = PBXBuildFile; fileRef = 1A69F0DD1FF22B0200B224DF /* unzip.cpp */; };
		1A69F1011FF22B0200B224DF /* tinyxml2.cpp in Sources */ = {isa = PBXBuildFile; fileRef = 1A69F0E31FF22B0200B224DF /* tinyxml2.cpp */; };
		1A69F1021FF22B0200B224DF /* COPYING in Resources */ = {isa = PBXBuildFile; fileRef = 1A69F0E71FF22B0200B224DF /* COPYING */; };
		1A69F1031FF22B0200B224DF /* package.json in Resources */ = {isa = PBXBuildFile; fileRef = 1A69F0E81FF22B0200B224DF /* package.json */; };
		1A69F1041FF22B0200B224DF /* libz.a in Frameworks */ = {isa = PBXBuildFile; fileRef = 1A69F0FA1FF22B0200B224DF /* libz.a */; };
		1A69F1051FF22B0200B224DF /* libpng.a in Frameworks */ = {isa = PBXBuildFile; fileRef = 1A69F0FB1FF22B0200B224DF /* libpng.a */; };
		1A69F1061FF22B0200B224DF /* libglfw3.a in Frameworks */ = {isa = PBXBuildFile; fileRef = 1A69F0FC1FF22B0200B224DF /* libglfw3.a */; };
		1A69F1071FF22B0200B224DF /* libjpeg.a in Frameworks */ = {isa = PBXBuildFile; fileRef = 1A69F0FD1FF22B0200B224DF /* libjpeg.a */; };
		1A69F10A1FF24ED200B224DF /* CCProgram.cpp in Sources */ = {isa = PBXBuildFile; fileRef = 1A69F1081FF24ED200B224DF /* CCProgram.cpp */; };
		1A69F10D1FF32D9300B224DF /* types.cpp in Sources */ = {isa = PBXBuildFile; fileRef = 1A69F10C1FF32D9300B224DF /* types.cpp */; };
		1A69F1111FF36A4600B224DF /* assets in Resources */ = {isa = PBXBuildFile; fileRef = 1A69F1101FF36A4600B224DF /* assets */; };
		1A69F1131FF37C1A00B224DF /* CCGFX.cpp in Sources */ = {isa = PBXBuildFile; fileRef = 1A69F1121FF37C1A00B224DF /* CCGFX.cpp */; };
		1A69F1161FF380A200B224DF /* CCGFXUtils.cpp in Sources */ = {isa = PBXBuildFile; fileRef = 1A69F1141FF380A200B224DF /* CCGFXUtils.cpp */; };
		1A69F11C1FF384DD00B224DF /* CCConsole.cpp in Sources */ = {isa = PBXBuildFile; fileRef = 1A69F11B1FF384DD00B224DF /* CCConsole.cpp */; };
		4627245F1FF47B82000D13BC /* Basic.cpp in Sources */ = {isa = PBXBuildFile; fileRef = 4627245D1FF47B82000D13BC /* Basic.cpp */; };
		466C44E11FF0D98F00AA277B /* CCState.cpp in Sources */ = {isa = PBXBuildFile; fileRef = 466C44DF1FF0D98F00AA277B /* CCState.cpp */; };
		466C45061FF2378E00AA277B /* Quaternion.inl in Resources */ = {isa = PBXBuildFile; fileRef = 466C44E81FF2378E00AA277B /* Quaternion.inl */; };
		466C45071FF2378E00AA277B /* CMakeLists.txt in Resources */ = {isa = PBXBuildFile; fileRef = 466C44E91FF2378E00AA277B /* CMakeLists.txt */; };
		466C45081FF2378E00AA277B /* MathUtilNeon64.inl in Resources */ = {isa = PBXBuildFile; fileRef = 466C44EA1FF2378E00AA277B /* MathUtilNeon64.inl */; };
		466C45091FF2378E00AA277B /* Mat4.inl in Resources */ = {isa = PBXBuildFile; fileRef = 466C44EB1FF2378E00AA277B /* Mat4.inl */; };
		466C450A1FF2378E00AA277B /* Vec3.inl in Resources */ = {isa = PBXBuildFile; fileRef = 466C44EC1FF2378E00AA277B /* Vec3.inl */; };
		466C450B1FF2378E00AA277B /* Vec2.inl in Resources */ = {isa = PBXBuildFile; fileRef = 466C44ED1FF2378E00AA277B /* Vec2.inl */; };
		466C450C1FF2378E00AA277B /* MathUtilSSE.inl in Resources */ = {isa = PBXBuildFile; fileRef = 466C44EE1FF2378E00AA277B /* MathUtilSSE.inl */; };
		466C450D1FF2378E00AA277B /* MathUtil.cpp in Sources */ = {isa = PBXBuildFile; fileRef = 466C44F11FF2378E00AA277B /* MathUtil.cpp */; };
		466C450E1FF2378E00AA277B /* Vec4.inl in Resources */ = {isa = PBXBuildFile; fileRef = 466C44F21FF2378E00AA277B /* Vec4.inl */; };
		466C450F1FF2378E00AA277B /* CCGeometry.cpp in Sources */ = {isa = PBXBuildFile; fileRef = 466C44F31FF2378E00AA277B /* CCGeometry.cpp */; };
		466C45101FF2378E00AA277B /* Mat4.cpp in Sources */ = {isa = PBXBuildFile; fileRef = 466C44F61FF2378E00AA277B /* Mat4.cpp */; };
		466C45111FF2378E00AA277B /* TransformUtils.cpp in Sources */ = {isa = PBXBuildFile; fileRef = 466C44F81FF2378E00AA277B /* TransformUtils.cpp */; };
		466C45121FF2378E00AA277B /* Quaternion.cpp in Sources */ = {isa = PBXBuildFile; fileRef = 466C44F91FF2378E00AA277B /* Quaternion.cpp */; };
		466C45131FF2378E00AA277B /* CCVertex.cpp in Sources */ = {isa = PBXBuildFile; fileRef = 466C44FB1FF2378E00AA277B /* CCVertex.cpp */; };
		466C45141FF2378E00AA277B /* Vec4.cpp in Sources */ = {isa = PBXBuildFile; fileRef = 466C44FC1FF2378E00AA277B /* Vec4.cpp */; };
		466C45151FF2378E00AA277B /* MathUtil.inl in Resources */ = {isa = PBXBuildFile; fileRef = 466C44FF1FF2378E00AA277B /* MathUtil.inl */; };
		466C45161FF2378E00AA277B /* Vec2.cpp in Sources */ = {isa = PBXBuildFile; fileRef = 466C45011FF2378E00AA277B /* Vec2.cpp */; };
		466C45171FF2378E00AA277B /* Vec3.cpp in Sources */ = {isa = PBXBuildFile; fileRef = 466C45031FF2378E00AA277B /* Vec3.cpp */; };
		466C45181FF2378E00AA277B /* CCAffineTransform.cpp in Sources */ = {isa = PBXBuildFile; fileRef = 466C45041FF2378E00AA277B /* CCAffineTransform.cpp */; };
		466C45191FF2378E00AA277B /* MathUtilNeon.inl in Resources */ = {isa = PBXBuildFile; fileRef = 466C45051FF2378E00AA277B /* MathUtilNeon.inl */; };
		4694927E1FE252A7008D19CC /* OpenGL.framework in Frameworks */ = {isa = PBXBuildFile; fileRef = 4694927D1FE2529E008D19CC /* OpenGL.framework */; };
		469492801FE252EA008D19CC /* Cocoa.framework in Frameworks */ = {isa = PBXBuildFile; fileRef = 4694927F1FE252E3008D19CC /* Cocoa.framework */; };
		469492821FE25305008D19CC /* IOKit.framework in Frameworks */ = {isa = PBXBuildFile; fileRef = 469492811FE252FB008D19CC /* IOKit.framework */; };
		469492841FE25314008D19CC /* CoreVideo.framework in Frameworks */ = {isa = PBXBuildFile; fileRef = 469492831FE2530E008D19CC /* CoreVideo.framework */; };
		4694928B1FE26CB5008D19CC /* main.cpp in Sources */ = {isa = PBXBuildFile; fileRef = 4694928A1FE26CB5008D19CC /* main.cpp */; };
		469492971FE270F2008D19CC /* CCDeviceGraphics-gl.cpp in Sources */ = {isa = PBXBuildFile; fileRef = 469492961FE270F2008D19CC /* CCDeviceGraphics-gl.cpp */; };
		4694929A1FE2775C008D19CC /* CCFrameBuffer.cpp in Sources */ = {isa = PBXBuildFile; fileRef = 469492981FE2775C008D19CC /* CCFrameBuffer.cpp */; };
/* End PBXBuildFile section */

/* Begin PBXFileReference section */
		1A69F0681FF0FB4200B224DF /* CCVertexFormat.cpp */ = {isa = PBXFileReference; fileEncoding = 4; lastKnownFileType = sourcecode.cpp.cpp; path = CCVertexFormat.cpp; sourceTree = "<group>"; };
		1A69F0691FF0FB4200B224DF /* CCIndexBuffer.cpp */ = {isa = PBXFileReference; fileEncoding = 4; lastKnownFileType = sourcecode.cpp.cpp; path = CCIndexBuffer.cpp; sourceTree = "<group>"; };
		1A69F06A1FF0FB4200B224DF /* CCVertexBuffer.h */ = {isa = PBXFileReference; fileEncoding = 4; lastKnownFileType = sourcecode.c.h; path = CCVertexBuffer.h; sourceTree = "<group>"; };
		1A69F06B1FF0FB4200B224DF /* CCVertexBuffer.cpp */ = {isa = PBXFileReference; fileEncoding = 4; lastKnownFileType = sourcecode.cpp.cpp; path = CCVertexBuffer.cpp; sourceTree = "<group>"; };
		1A69F06C1FF0FB4200B224DF /* CCVertexFormat.h */ = {isa = PBXFileReference; fileEncoding = 4; lastKnownFileType = sourcecode.c.h; path = CCVertexFormat.h; sourceTree = "<group>"; };
		1A69F06D1FF0FB4200B224DF /* CCIndexBuffer.h */ = {isa = PBXFileReference; fileEncoding = 4; lastKnownFileType = sourcecode.c.h; path = CCIndexBuffer.h; sourceTree = "<group>"; };
		1A69F0721FF102A300B224DF /* CCRenderBuffer.cpp */ = {isa = PBXFileReference; lastKnownFileType = sourcecode.cpp.cpp; path = CCRenderBuffer.cpp; sourceTree = "<group>"; };
		1A69F0731FF102A300B224DF /* CCRenderBuffer.h */ = {isa = PBXFileReference; lastKnownFileType = sourcecode.c.h; path = CCRenderBuffer.h; sourceTree = "<group>"; };
		1A69F0751FF1E19D00B224DF /* CCGraphicsHandle.cpp */ = {isa = PBXFileReference; lastKnownFileType = sourcecode.cpp.cpp; path = CCGraphicsHandle.cpp; sourceTree = "<group>"; };
		1A69F0761FF1E19D00B224DF /* CCGraphicsHandle.h */ = {isa = PBXFileReference; lastKnownFileType = sourcecode.c.h; path = CCGraphicsHandle.h; sourceTree = "<group>"; };
		1A69F0781FF1E41A00B224DF /* CCRenderTarget.cpp */ = {isa = PBXFileReference; lastKnownFileType = sourcecode.cpp.cpp; path = CCRenderTarget.cpp; sourceTree = "<group>"; };
		1A69F0791FF1E41A00B224DF /* CCRenderTarget.h */ = {isa = PBXFileReference; lastKnownFileType = sourcecode.c.h; path = CCRenderTarget.h; sourceTree = "<group>"; };
		1A69F07B1FF1F50D00B224DF /* CCTexture.cpp */ = {isa = PBXFileReference; lastKnownFileType = sourcecode.cpp.cpp; path = CCTexture.cpp; sourceTree = "<group>"; };
		1A69F07C1FF1F50D00B224DF /* CCTexture.h */ = {isa = PBXFileReference; lastKnownFileType = sourcecode.c.h; path = CCTexture.h; sourceTree = "<group>"; };
		1A69F07E1FF1F52C00B224DF /* CCTexture2D.cpp */ = {isa = PBXFileReference; lastKnownFileType = sourcecode.cpp.cpp; path = CCTexture2D.cpp; sourceTree = "<group>"; };
		1A69F07F1FF1F52C00B224DF /* CCTexture2D.h */ = {isa = PBXFileReference; lastKnownFileType = sourcecode.c.h; path = CCTexture2D.h; sourceTree = "<group>"; };
		1A69F0891FF21E1900B224DF /* CCValue.h */ = {isa = PBXFileReference; fileEncoding = 4; lastKnownFileType = sourcecode.c.h; path = CCValue.h; sourceTree = "<group>"; };
		1A69F08A1FF21E1900B224DF /* CCRef.cpp */ = {isa = PBXFileReference; fileEncoding = 4; lastKnownFileType = sourcecode.cpp.cpp; path = CCRef.cpp; sourceTree = "<group>"; };
		1A69F08B1FF21E1900B224DF /* ccTypes.h */ = {isa = PBXFileReference; fileEncoding = 4; lastKnownFileType = sourcecode.c.h; path = ccTypes.h; sourceTree = "<group>"; };
		1A69F08C1FF21E1900B224DF /* CCRef.h */ = {isa = PBXFileReference; fileEncoding = 4; lastKnownFileType = sourcecode.c.h; path = CCRef.h; sourceTree = "<group>"; };
		1A69F08D1FF21E1900B224DF /* ccTypes.cpp */ = {isa = PBXFileReference; fileEncoding = 4; lastKnownFileType = sourcecode.cpp.cpp; path = ccTypes.cpp; sourceTree = "<group>"; };
		1A69F08E1FF21E1900B224DF /* ccConfig.h */ = {isa = PBXFileReference; fileEncoding = 4; lastKnownFileType = sourcecode.c.h; path = ccConfig.h; sourceTree = "<group>"; };
		1A69F08F1FF21E1900B224DF /* CCValue.cpp */ = {isa = PBXFileReference; fileEncoding = 4; lastKnownFileType = sourcecode.cpp.cpp; path = CCValue.cpp; sourceTree = "<group>"; };
		1A69F0911FF21E1900B224DF /* CCPlatformConfig.h */ = {isa = PBXFileReference; fileEncoding = 4; lastKnownFileType = sourcecode.c.h; path = CCPlatformConfig.h; sourceTree = "<group>"; };
		1A69F0921FF21E1900B224DF /* CCPlatformDefine.h */ = {isa = PBXFileReference; fileEncoding = 4; lastKnownFileType = sourcecode.c.h; path = CCPlatformDefine.h; sourceTree = "<group>"; };
		1A69F0931FF21E1900B224DF /* CCImage.cpp */ = {isa = PBXFileReference; fileEncoding = 4; lastKnownFileType = sourcecode.cpp.cpp; path = CCImage.cpp; sourceTree = "<group>"; };
		1A69F0941FF21E1900B224DF /* CCFileUtils.h */ = {isa = PBXFileReference; fileEncoding = 4; lastKnownFileType = sourcecode.c.h; path = CCFileUtils.h; sourceTree = "<group>"; };
		1A69F0951FF21E1900B224DF /* CCImage.h */ = {isa = PBXFileReference; fileEncoding = 4; lastKnownFileType = sourcecode.c.h; path = CCImage.h; sourceTree = "<group>"; };
		1A69F0961FF21E1900B224DF /* CCPlatformMacros.h */ = {isa = PBXFileReference; fileEncoding = 4; lastKnownFileType = sourcecode.c.h; path = CCPlatformMacros.h; sourceTree = "<group>"; };
		1A69F0971FF21E1900B224DF /* CCFileUtils.cpp */ = {isa = PBXFileReference; fileEncoding = 4; lastKnownFileType = sourcecode.cpp.cpp; path = CCFileUtils.cpp; sourceTree = "<group>"; };
		1A69F09D1FF21F3100B224DF /* CCData.h */ = {isa = PBXFileReference; fileEncoding = 4; lastKnownFileType = sourcecode.c.h; path = CCData.h; sourceTree = "<group>"; };
		1A69F09E1FF21F3100B224DF /* CCData.cpp */ = {isa = PBXFileReference; fileEncoding = 4; lastKnownFileType = sourcecode.cpp.cpp; path = CCData.cpp; sourceTree = "<group>"; };
		1A69F0A11FF21F6900B224DF /* CCStdC-mac.h */ = {isa = PBXFileReference; fileEncoding = 4; lastKnownFileType = sourcecode.c.h; path = "CCStdC-mac.h"; sourceTree = "<group>"; };
		1A69F0A21FF21F6900B224DF /* CCPlatformDefine-mac.h */ = {isa = PBXFileReference; fileEncoding = 4; lastKnownFileType = sourcecode.c.h; path = "CCPlatformDefine-mac.h"; sourceTree = "<group>"; };
		1A69F0A31FF21F6900B224DF /* CCGL-mac.h */ = {isa = PBXFileReference; fileEncoding = 4; lastKnownFileType = sourcecode.c.h; path = "CCGL-mac.h"; sourceTree = "<group>"; };
		1A69F0A41FF2229200B224DF /* etc1.cpp */ = {isa = PBXFileReference; fileEncoding = 4; lastKnownFileType = sourcecode.cpp.cpp; path = etc1.cpp; sourceTree = "<group>"; };
		1A69F0A51FF2229200B224DF /* TGAlib.cpp */ = {isa = PBXFileReference; fileEncoding = 4; lastKnownFileType = sourcecode.cpp.cpp; path = TGAlib.cpp; sourceTree = "<group>"; };
		1A69F0A61FF2229200B224DF /* pvr.h */ = {isa = PBXFileReference; fileEncoding = 4; lastKnownFileType = sourcecode.c.h; path = pvr.h; sourceTree = "<group>"; };
		1A69F0A71FF2229200B224DF /* etc1.h */ = {isa = PBXFileReference; fileEncoding = 4; lastKnownFileType = sourcecode.c.h; path = etc1.h; sourceTree = "<group>"; };
		1A69F0A81FF2229200B224DF /* TGAlib.h */ = {isa = PBXFileReference; fileEncoding = 4; lastKnownFileType = sourcecode.c.h; path = TGAlib.h; sourceTree = "<group>"; };
		1A69F0A91FF2229200B224DF /* pvr.cpp */ = {isa = PBXFileReference; fileEncoding = 4; lastKnownFileType = sourcecode.cpp.cpp; path = pvr.cpp; sourceTree = "<group>"; };
		1A69F0AD1FF222D900B224DF /* ccMacros.h */ = {isa = PBXFileReference; fileEncoding = 4; lastKnownFileType = sourcecode.c.h; path = ccMacros.h; sourceTree = "<group>"; };
		1A69F0AE1FF2230C00B224DF /* ccRandom.cpp */ = {isa = PBXFileReference; fileEncoding = 4; lastKnownFileType = sourcecode.cpp.cpp; path = ccRandom.cpp; sourceTree = "<group>"; };
		1A69F0AF1FF2230D00B224DF /* ccRandom.h */ = {isa = PBXFileReference; fileEncoding = 4; lastKnownFileType = sourcecode.c.h; path = ccRandom.h; sourceTree = "<group>"; };
		1A69F0B11FF223AF00B224DF /* CCSAXParser.h */ = {isa = PBXFileReference; fileEncoding = 4; lastKnownFileType = sourcecode.c.h; path = CCSAXParser.h; sourceTree = "<group>"; };
		1A69F0B21FF223AF00B224DF /* CCSAXParser.cpp */ = {isa = PBXFileReference; fileEncoding = 4; lastKnownFileType = sourcecode.cpp.cpp; path = CCSAXParser.cpp; sourceTree = "<group>"; };
		1A69F0BA1FF2248500B224DF /* ZipUtils.h */ = {isa = PBXFileReference; fileEncoding = 4; lastKnownFileType = sourcecode.c.h; path = ZipUtils.h; sourceTree = "<group>"; };
		1A69F0BB1FF2248500B224DF /* ZipUtils.cpp */ = {isa = PBXFileReference; fileEncoding = 4; lastKnownFileType = sourcecode.cpp.cpp; path = ZipUtils.cpp; sourceTree = "<group>"; };
		1A69F0C81FF2261A00B224DF /* CCConfiguration.h */ = {isa = PBXFileReference; fileEncoding = 4; lastKnownFileType = sourcecode.c.h; path = CCConfiguration.h; sourceTree = "<group>"; };
		1A69F0C91FF2261A00B224DF /* CCConfiguration.cpp */ = {isa = PBXFileReference; fileEncoding = 4; lastKnownFileType = sourcecode.cpp.cpp; path = CCConfiguration.cpp; sourceTree = "<group>"; };
		1A69F0CB1FF2263F00B224DF /* CCGL.h */ = {isa = PBXFileReference; fileEncoding = 4; lastKnownFileType = sourcecode.c.h; path = CCGL.h; sourceTree = "<group>"; };
		1A69F0CC1FF228AD00B224DF /* libz.a */ = {isa = PBXFileReference; lastKnownFileType = archive.ar; name = libz.a; path = ../external/mac/libs/libz.a; sourceTree = "<group>"; };
		1A69F0CD1FF228AD00B224DF /* libjpeg.a */ = {isa = PBXFileReference; lastKnownFileType = archive.ar; name = libjpeg.a; path = ../external/mac/libs/libjpeg.a; sourceTree = "<group>"; };
		1A69F0CE1FF228AD00B224DF /* libglfw3.a */ = {isa = PBXFileReference; lastKnownFileType = archive.ar; name = libglfw3.a; path = ../external/mac/libs/libglfw3.a; sourceTree = "<group>"; };
		1A69F0CF1FF228AD00B224DF /* libpng.a */ = {isa = PBXFileReference; lastKnownFileType = archive.ar; name = libpng.a; path = ../external/mac/libs/libpng.a; sourceTree = "<group>"; };
		1A69F0D51FF2290000B224DF /* CCFileUtils-apple.h */ = {isa = PBXFileReference; fileEncoding = 4; lastKnownFileType = sourcecode.c.h; path = "CCFileUtils-apple.h"; sourceTree = "<group>"; };
		1A69F0D61FF2290000B224DF /* CCFileUtils-apple.mm */ = {isa = PBXFileReference; fileEncoding = 4; lastKnownFileType = sourcecode.cpp.objcpp; path = "CCFileUtils-apple.mm"; sourceTree = "<group>"; };
		1A69F0DB1FF22B0200B224DF /* ioapi_mem.cpp */ = {isa = PBXFileReference; fileEncoding = 4; lastKnownFileType = sourcecode.cpp.cpp; path = ioapi_mem.cpp; sourceTree = "<group>"; };
		1A69F0DC1FF22B0200B224DF /* ioapi.cpp */ = {isa = PBXFileReference; fileEncoding = 4; lastKnownFileType = sourcecode.cpp.cpp; path = ioapi.cpp; sourceTree = "<group>"; };
		1A69F0DD1FF22B0200B224DF /* unzip.cpp */ = {isa = PBXFileReference; fileEncoding = 4; lastKnownFileType = sourcecode.cpp.cpp; path = unzip.cpp; sourceTree = "<group>"; };
		1A69F0DE1FF22B0200B224DF /* ioapi_mem.h */ = {isa = PBXFileReference; fileEncoding = 4; lastKnownFileType = sourcecode.c.h; path = ioapi_mem.h; sourceTree = "<group>"; };
		1A69F0DF1FF22B0200B224DF /* crypt.h */ = {isa = PBXFileReference; fileEncoding = 4; lastKnownFileType = sourcecode.c.h; path = crypt.h; sourceTree = "<group>"; };
		1A69F0E01FF22B0200B224DF /* unzip.h */ = {isa = PBXFileReference; fileEncoding = 4; lastKnownFileType = sourcecode.c.h; path = unzip.h; sourceTree = "<group>"; };
		1A69F0E11FF22B0200B224DF /* ioapi.h */ = {isa = PBXFileReference; fileEncoding = 4; lastKnownFileType = sourcecode.c.h; path = ioapi.h; sourceTree = "<group>"; };
		1A69F0E31FF22B0200B224DF /* tinyxml2.cpp */ = {isa = PBXFileReference; fileEncoding = 4; lastKnownFileType = sourcecode.cpp.cpp; path = tinyxml2.cpp; sourceTree = "<group>"; };
		1A69F0E41FF22B0200B224DF /* tinyxml2.h */ = {isa = PBXFileReference; fileEncoding = 4; lastKnownFileType = sourcecode.c.h; path = tinyxml2.h; sourceTree = "<group>"; };
		1A69F0E61FF22B0200B224DF /* tinydir.h */ = {isa = PBXFileReference; fileEncoding = 4; lastKnownFileType = sourcecode.c.h; path = tinydir.h; sourceTree = "<group>"; };
		1A69F0E71FF22B0200B224DF /* COPYING */ = {isa = PBXFileReference; fileEncoding = 4; lastKnownFileType = text; path = COPYING; sourceTree = "<group>"; };
		1A69F0E81FF22B0200B224DF /* package.json */ = {isa = PBXFileReference; fileEncoding = 4; lastKnownFileType = text.json; path = package.json; sourceTree = "<group>"; };
		1A69F0EC1FF22B0200B224DF /* glfw3.h */ = {isa = PBXFileReference; fileEncoding = 4; lastKnownFileType = sourcecode.c.h; path = glfw3.h; sourceTree = "<group>"; };
		1A69F0ED1FF22B0200B224DF /* glfw3native.h */ = {isa = PBXFileReference; fileEncoding = 4; lastKnownFileType = sourcecode.c.h; path = glfw3native.h; sourceTree = "<group>"; };
		1A69F0EF1FF22B0200B224DF /* zlib.h */ = {isa = PBXFileReference; fileEncoding = 4; lastKnownFileType = sourcecode.c.h; path = zlib.h; sourceTree = "<group>"; };
		1A69F0F01FF22B0200B224DF /* zconf.h */ = {isa = PBXFileReference; fileEncoding = 4; lastKnownFileType = sourcecode.c.h; path = zconf.h; sourceTree = "<group>"; };
		1A69F0F21FF22B0200B224DF /* png.h */ = {isa = PBXFileReference; fileEncoding = 4; lastKnownFileType = sourcecode.c.h; path = png.h; sourceTree = "<group>"; };
		1A69F0F31FF22B0200B224DF /* pnglibconf.h */ = {isa = PBXFileReference; fileEncoding = 4; lastKnownFileType = sourcecode.c.h; path = pnglibconf.h; sourceTree = "<group>"; };
		1A69F0F41FF22B0200B224DF /* pngconf.h */ = {isa = PBXFileReference; fileEncoding = 4; lastKnownFileType = sourcecode.c.h; path = pngconf.h; sourceTree = "<group>"; };
		1A69F0F61FF22B0200B224DF /* jpeglib.h */ = {isa = PBXFileReference; fileEncoding = 4; lastKnownFileType = sourcecode.c.h; path = jpeglib.h; sourceTree = "<group>"; };
		1A69F0F71FF22B0200B224DF /* jconfig.h */ = {isa = PBXFileReference; fileEncoding = 4; lastKnownFileType = sourcecode.c.h; path = jconfig.h; sourceTree = "<group>"; };
		1A69F0F81FF22B0200B224DF /* jmorecfg.h */ = {isa = PBXFileReference; fileEncoding = 4; lastKnownFileType = sourcecode.c.h; path = jmorecfg.h; sourceTree = "<group>"; };
		1A69F0FA1FF22B0200B224DF /* libz.a */ = {isa = PBXFileReference; lastKnownFileType = archive.ar; path = libz.a; sourceTree = "<group>"; };
		1A69F0FB1FF22B0200B224DF /* libpng.a */ = {isa = PBXFileReference; lastKnownFileType = archive.ar; path = libpng.a; sourceTree = "<group>"; };
		1A69F0FC1FF22B0200B224DF /* libglfw3.a */ = {isa = PBXFileReference; lastKnownFileType = archive.ar; path = libglfw3.a; sourceTree = "<group>"; };
		1A69F0FD1FF22B0200B224DF /* libjpeg.a */ = {isa = PBXFileReference; lastKnownFileType = archive.ar; path = libjpeg.a; sourceTree = "<group>"; };
		1A69F1081FF24ED200B224DF /* CCProgram.cpp */ = {isa = PBXFileReference; lastKnownFileType = sourcecode.cpp.cpp; path = CCProgram.cpp; sourceTree = "<group>"; };
		1A69F1091FF24ED200B224DF /* CCProgram.h */ = {isa = PBXFileReference; lastKnownFileType = sourcecode.c.h; path = CCProgram.h; sourceTree = "<group>"; };
		1A69F10C1FF32D9300B224DF /* types.cpp */ = {isa = PBXFileReference; fileEncoding = 4; lastKnownFileType = sourcecode.cpp.cpp; path = types.cpp; sourceTree = "<group>"; };
		1A69F10E1FF3685100B224DF /* CCGFX.h */ = {isa = PBXFileReference; lastKnownFileType = sourcecode.c.h; path = CCGFX.h; sourceTree = "<group>"; };
		1A69F10F1FF369D200B224DF /* cocos2d.h */ = {isa = PBXFileReference; fileEncoding = 4; lastKnownFileType = sourcecode.c.h; path = cocos2d.h; sourceTree = "<group>"; };
		1A69F1101FF36A4600B224DF /* assets */ = {isa = PBXFileReference; lastKnownFileType = folder; path = assets; sourceTree = SOURCE_ROOT; };
		1A69F1121FF37C1A00B224DF /* CCGFX.cpp */ = {isa = PBXFileReference; lastKnownFileType = sourcecode.cpp.cpp; path = CCGFX.cpp; sourceTree = "<group>"; };
		1A69F1141FF380A200B224DF /* CCGFXUtils.cpp */ = {isa = PBXFileReference; lastKnownFileType = sourcecode.cpp.cpp; path = CCGFXUtils.cpp; sourceTree = "<group>"; };
		1A69F1151FF380A200B224DF /* CCGFXUtils.h */ = {isa = PBXFileReference; lastKnownFileType = sourcecode.c.h; path = CCGFXUtils.h; sourceTree = "<group>"; };
		1A69F11A1FF384DC00B224DF /* CCConsole.h */ = {isa = PBXFileReference; fileEncoding = 4; lastKnownFileType = sourcecode.c.h; path = CCConsole.h; sourceTree = "<group>"; };
		1A69F11B1FF384DD00B224DF /* CCConsole.cpp */ = {isa = PBXFileReference; fileEncoding = 4; lastKnownFileType = sourcecode.cpp.cpp; path = CCConsole.cpp; sourceTree = "<group>"; };
		462724581FF3A00E000D13BC /* TestBase.h */ = {isa = PBXFileReference; lastKnownFileType = sourcecode.c.h; path = TestBase.h; sourceTree = "<group>"; };
		4627245D1FF47B82000D13BC /* Basic.cpp */ = {isa = PBXFileReference; fileEncoding = 4; lastKnownFileType = sourcecode.cpp.cpp; path = Basic.cpp; sourceTree = "<group>"; };
		4627245E1FF47B82000D13BC /* Basic.h */ = {isa = PBXFileReference; fileEncoding = 4; lastKnownFileType = sourcecode.c.h; path = Basic.h; sourceTree = "<group>"; };
		466C44DF1FF0D98F00AA277B /* CCState.cpp */ = {isa = PBXFileReference; lastKnownFileType = sourcecode.cpp.cpp; path = CCState.cpp; sourceTree = "<group>"; };
		466C44E01FF0D98F00AA277B /* CCState.h */ = {isa = PBXFileReference; lastKnownFileType = sourcecode.c.h; path = CCState.h; sourceTree = "<group>"; };
		466C44E61FF2378E00AA277B /* Vec2.h */ = {isa = PBXFileReference; fileEncoding = 4; lastKnownFileType = sourcecode.c.h; path = Vec2.h; sourceTree = "<group>"; };
		466C44E71FF2378E00AA277B /* Mat4.h */ = {isa = PBXFileReference; fileEncoding = 4; lastKnownFileType = sourcecode.c.h; path = Mat4.h; sourceTree = "<group>"; };
		466C44E81FF2378E00AA277B /* Quaternion.inl */ = {isa = PBXFileReference; fileEncoding = 4; lastKnownFileType = text; path = Quaternion.inl; sourceTree = "<group>"; };
		466C44E91FF2378E00AA277B /* CMakeLists.txt */ = {isa = PBXFileReference; fileEncoding = 4; lastKnownFileType = text; path = CMakeLists.txt; sourceTree = "<group>"; };
		466C44EA1FF2378E00AA277B /* MathUtilNeon64.inl */ = {isa = PBXFileReference; fileEncoding = 4; lastKnownFileType = text; path = MathUtilNeon64.inl; sourceTree = "<group>"; };
		466C44EB1FF2378E00AA277B /* Mat4.inl */ = {isa = PBXFileReference; fileEncoding = 4; lastKnownFileType = text; path = Mat4.inl; sourceTree = "<group>"; };
		466C44EC1FF2378E00AA277B /* Vec3.inl */ = {isa = PBXFileReference; fileEncoding = 4; lastKnownFileType = text; path = Vec3.inl; sourceTree = "<group>"; };
		466C44ED1FF2378E00AA277B /* Vec2.inl */ = {isa = PBXFileReference; fileEncoding = 4; lastKnownFileType = text; path = Vec2.inl; sourceTree = "<group>"; };
		466C44EE1FF2378E00AA277B /* MathUtilSSE.inl */ = {isa = PBXFileReference; fileEncoding = 4; lastKnownFileType = text; path = MathUtilSSE.inl; sourceTree = "<group>"; };
		466C44EF1FF2378E00AA277B /* Quaternion.h */ = {isa = PBXFileReference; fileEncoding = 4; lastKnownFileType = sourcecode.c.h; path = Quaternion.h; sourceTree = "<group>"; };
		466C44F01FF2378E00AA277B /* TransformUtils.h */ = {isa = PBXFileReference; fileEncoding = 4; lastKnownFileType = sourcecode.c.h; path = TransformUtils.h; sourceTree = "<group>"; };
		466C44F11FF2378E00AA277B /* MathUtil.cpp */ = {isa = PBXFileReference; fileEncoding = 4; lastKnownFileType = sourcecode.cpp.cpp; path = MathUtil.cpp; sourceTree = "<group>"; };
		466C44F21FF2378E00AA277B /* Vec4.inl */ = {isa = PBXFileReference; fileEncoding = 4; lastKnownFileType = text; path = Vec4.inl; sourceTree = "<group>"; };
		466C44F31FF2378E00AA277B /* CCGeometry.cpp */ = {isa = PBXFileReference; fileEncoding = 4; lastKnownFileType = sourcecode.cpp.cpp; path = CCGeometry.cpp; sourceTree = "<group>"; };
		466C44F41FF2378E00AA277B /* Vec4.h */ = {isa = PBXFileReference; fileEncoding = 4; lastKnownFileType = sourcecode.c.h; path = Vec4.h; sourceTree = "<group>"; };
		466C44F51FF2378E00AA277B /* CCAffineTransform.h */ = {isa = PBXFileReference; fileEncoding = 4; lastKnownFileType = sourcecode.c.h; path = CCAffineTransform.h; sourceTree = "<group>"; };
		466C44F61FF2378E00AA277B /* Mat4.cpp */ = {isa = PBXFileReference; fileEncoding = 4; lastKnownFileType = sourcecode.cpp.cpp; path = Mat4.cpp; sourceTree = "<group>"; };
		466C44F71FF2378E00AA277B /* CCGeometry.h */ = {isa = PBXFileReference; fileEncoding = 4; lastKnownFileType = sourcecode.c.h; path = CCGeometry.h; sourceTree = "<group>"; };
		466C44F81FF2378E00AA277B /* TransformUtils.cpp */ = {isa = PBXFileReference; fileEncoding = 4; lastKnownFileType = sourcecode.cpp.cpp; path = TransformUtils.cpp; sourceTree = "<group>"; };
		466C44F91FF2378E00AA277B /* Quaternion.cpp */ = {isa = PBXFileReference; fileEncoding = 4; lastKnownFileType = sourcecode.cpp.cpp; path = Quaternion.cpp; sourceTree = "<group>"; };
		466C44FA1FF2378E00AA277B /* CCVertex.h */ = {isa = PBXFileReference; fileEncoding = 4; lastKnownFileType = sourcecode.c.h; path = CCVertex.h; sourceTree = "<group>"; };
		466C44FB1FF2378E00AA277B /* CCVertex.cpp */ = {isa = PBXFileReference; fileEncoding = 4; lastKnownFileType = sourcecode.cpp.cpp; path = CCVertex.cpp; sourceTree = "<group>"; };
		466C44FC1FF2378E00AA277B /* Vec4.cpp */ = {isa = PBXFileReference; fileEncoding = 4; lastKnownFileType = sourcecode.cpp.cpp; path = Vec4.cpp; sourceTree = "<group>"; };
		466C44FD1FF2378E00AA277B /* Vec3.h */ = {isa = PBXFileReference; fileEncoding = 4; lastKnownFileType = sourcecode.c.h; path = Vec3.h; sourceTree = "<group>"; };
		466C44FE1FF2378E00AA277B /* CCMathBase.h */ = {isa = PBXFileReference; fileEncoding = 4; lastKnownFileType = sourcecode.c.h; path = CCMathBase.h; sourceTree = "<group>"; };
		466C44FF1FF2378E00AA277B /* MathUtil.inl */ = {isa = PBXFileReference; fileEncoding = 4; lastKnownFileType = text; path = MathUtil.inl; sourceTree = "<group>"; };
		466C45001FF2378E00AA277B /* MathUtil.h */ = {isa = PBXFileReference; fileEncoding = 4; lastKnownFileType = sourcecode.c.h; path = MathUtil.h; sourceTree = "<group>"; };
		466C45011FF2378E00AA277B /* Vec2.cpp */ = {isa = PBXFileReference; fileEncoding = 4; lastKnownFileType = sourcecode.cpp.cpp; path = Vec2.cpp; sourceTree = "<group>"; };
		466C45021FF2378E00AA277B /* CCMath.h */ = {isa = PBXFileReference; fileEncoding = 4; lastKnownFileType = sourcecode.c.h; path = CCMath.h; sourceTree = "<group>"; };
		466C45031FF2378E00AA277B /* Vec3.cpp */ = {isa = PBXFileReference; fileEncoding = 4; lastKnownFileType = sourcecode.cpp.cpp; path = Vec3.cpp; sourceTree = "<group>"; };
		466C45041FF2378E00AA277B /* CCAffineTransform.cpp */ = {isa = PBXFileReference; fileEncoding = 4; lastKnownFileType = sourcecode.cpp.cpp; path = CCAffineTransform.cpp; sourceTree = "<group>"; };
		466C45051FF2378E00AA277B /* MathUtilNeon.inl */ = {isa = PBXFileReference; fileEncoding = 4; lastKnownFileType = text; path = MathUtilNeon.inl; sourceTree = "<group>"; };
		4694925C1FE24978008D19CC /* Test.app */ = {isa = PBXFileReference; explicitFileType = wrapper.application; includeInIndex = 0; path = Test.app; sourceTree = BUILT_PRODUCTS_DIR; };
		4694927B1FE25061008D19CC /* libglfw3.a */ = {isa = PBXFileReference; lastKnownFileType = archive.ar; name = libglfw3.a; path = libs/glfw3/prebuilt/mac/libglfw3.a; sourceTree = "<group>"; };
		4694927D1FE2529E008D19CC /* OpenGL.framework */ = {isa = PBXFileReference; lastKnownFileType = wrapper.framework; name = OpenGL.framework; path = System/Library/Frameworks/OpenGL.framework; sourceTree = SDKROOT; };
		4694927F1FE252E3008D19CC /* Cocoa.framework */ = {isa = PBXFileReference; lastKnownFileType = wrapper.framework; name = Cocoa.framework; path = System/Library/Frameworks/Cocoa.framework; sourceTree = SDKROOT; };
		469492811FE252FB008D19CC /* IOKit.framework */ = {isa = PBXFileReference; lastKnownFileType = wrapper.framework; name = IOKit.framework; path = System/Library/Frameworks/IOKit.framework; sourceTree = SDKROOT; };
		469492831FE2530E008D19CC /* CoreVideo.framework */ = {isa = PBXFileReference; lastKnownFileType = wrapper.framework; name = CoreVideo.framework; path = System/Library/Frameworks/CoreVideo.framework; sourceTree = SDKROOT; };
		4694928A1FE26CB5008D19CC /* main.cpp */ = {isa = PBXFileReference; lastKnownFileType = sourcecode.cpp.cpp; path = main.cpp; sourceTree = "<group>"; };
		469492931FE270F2008D19CC /* macro.h */ = {isa = PBXFileReference; fileEncoding = 4; lastKnownFileType = sourcecode.c.h; path = macro.h; sourceTree = "<group>"; };
		469492951FE270F2008D19CC /* CCDeviceGraphics.h */ = {isa = PBXFileReference; fileEncoding = 4; lastKnownFileType = sourcecode.c.h; path = CCDeviceGraphics.h; sourceTree = "<group>"; };
		469492961FE270F2008D19CC /* CCDeviceGraphics-gl.cpp */ = {isa = PBXFileReference; fileEncoding = 4; lastKnownFileType = sourcecode.cpp.cpp; path = "CCDeviceGraphics-gl.cpp"; sourceTree = "<group>"; };
		469492981FE2775C008D19CC /* CCFrameBuffer.cpp */ = {isa = PBXFileReference; lastKnownFileType = sourcecode.cpp.cpp; path = CCFrameBuffer.cpp; sourceTree = "<group>"; };
		469492991FE2775C008D19CC /* CCFrameBuffer.h */ = {isa = PBXFileReference; lastKnownFileType = sourcecode.c.h; path = CCFrameBuffer.h; sourceTree = "<group>"; };
		4694929B1FE28190008D19CC /* types.h */ = {isa = PBXFileReference; lastKnownFileType = sourcecode.c.h; path = types.h; sourceTree = "<group>"; };
/* End PBXFileReference section */

/* Begin PBXFrameworksBuildPhase section */
		469492591FE24978008D19CC /* Frameworks */ = {
			isa = PBXFrameworksBuildPhase;
			buildActionMask = 2147483647;
			files = (
				1A69F1041FF22B0200B224DF /* libz.a in Frameworks */,
				469492841FE25314008D19CC /* CoreVideo.framework in Frameworks */,
				469492821FE25305008D19CC /* IOKit.framework in Frameworks */,
				469492801FE252EA008D19CC /* Cocoa.framework in Frameworks */,
				4694927E1FE252A7008D19CC /* OpenGL.framework in Frameworks */,
				1A69F1071FF22B0200B224DF /* libjpeg.a in Frameworks */,
				1A69F1061FF22B0200B224DF /* libglfw3.a in Frameworks */,
				1A69F1051FF22B0200B224DF /* libpng.a in Frameworks */,
				1A69F0D01FF228AD00B224DF /* libz.a in Frameworks */,
				1A69F0D11FF228AD00B224DF /* libjpeg.a in Frameworks */,
				1A69F0D21FF228AD00B224DF /* libglfw3.a in Frameworks */,
				1A69F0D31FF228AD00B224DF /* libpng.a in Frameworks */,
			);
			runOnlyForDeploymentPostprocessing = 0;
		};
/* End PBXFrameworksBuildPhase section */

/* Begin PBXGroup section */
		1A69F0881FF21E1900B224DF /* base */ = {
			isa = PBXGroup;
			children = (
				1A69F11B1FF384DD00B224DF /* CCConsole.cpp */,
				1A69F11A1FF384DC00B224DF /* CCConsole.h */,
				1A69F0C91FF2261A00B224DF /* CCConfiguration.cpp */,
				1A69F0C81FF2261A00B224DF /* CCConfiguration.h */,
				1A69F0BB1FF2248500B224DF /* ZipUtils.cpp */,
				1A69F0BA1FF2248500B224DF /* ZipUtils.h */,
				1A69F0AE1FF2230C00B224DF /* ccRandom.cpp */,
				1A69F0AF1FF2230D00B224DF /* ccRandom.h */,
				1A69F0AD1FF222D900B224DF /* ccMacros.h */,
				1A69F0A41FF2229200B224DF /* etc1.cpp */,
				1A69F0A71FF2229200B224DF /* etc1.h */,
				1A69F0A91FF2229200B224DF /* pvr.cpp */,
				1A69F0A61FF2229200B224DF /* pvr.h */,
				1A69F0A51FF2229200B224DF /* TGAlib.cpp */,
				1A69F0A81FF2229200B224DF /* TGAlib.h */,
				1A69F09E1FF21F3100B224DF /* CCData.cpp */,
				1A69F09D1FF21F3100B224DF /* CCData.h */,
				1A69F08E1FF21E1900B224DF /* ccConfig.h */,
				1A69F08A1FF21E1900B224DF /* CCRef.cpp */,
				1A69F08C1FF21E1900B224DF /* CCRef.h */,
				1A69F08D1FF21E1900B224DF /* ccTypes.cpp */,
				1A69F08B1FF21E1900B224DF /* ccTypes.h */,
				1A69F08F1FF21E1900B224DF /* CCValue.cpp */,
				1A69F0891FF21E1900B224DF /* CCValue.h */,
			);
			path = base;
			sourceTree = "<group>";
		};
		1A69F0901FF21E1900B224DF /* platform */ = {
			isa = PBXGroup;
			children = (
				1A69F0D41FF2290000B224DF /* apple */,
				1A69F0CB1FF2263F00B224DF /* CCGL.h */,
				1A69F0B21FF223AF00B224DF /* CCSAXParser.cpp */,
				1A69F0B11FF223AF00B224DF /* CCSAXParser.h */,
				1A69F0A01FF21F6900B224DF /* mac */,
				1A69F0971FF21E1900B224DF /* CCFileUtils.cpp */,
				1A69F0941FF21E1900B224DF /* CCFileUtils.h */,
				1A69F0931FF21E1900B224DF /* CCImage.cpp */,
				1A69F0951FF21E1900B224DF /* CCImage.h */,
				1A69F0911FF21E1900B224DF /* CCPlatformConfig.h */,
				1A69F0921FF21E1900B224DF /* CCPlatformDefine.h */,
				1A69F0961FF21E1900B224DF /* CCPlatformMacros.h */,
			);
			path = platform;
			sourceTree = "<group>";
		};
		1A69F0A01FF21F6900B224DF /* mac */ = {
			isa = PBXGroup;
			children = (
				1A69F0A11FF21F6900B224DF /* CCStdC-mac.h */,
				1A69F0A21FF21F6900B224DF /* CCPlatformDefine-mac.h */,
				1A69F0A31FF21F6900B224DF /* CCGL-mac.h */,
			);
			path = mac;
			sourceTree = "<group>";
		};
		1A69F0D41FF2290000B224DF /* apple */ = {
			isa = PBXGroup;
			children = (
				1A69F0D51FF2290000B224DF /* CCFileUtils-apple.h */,
				1A69F0D61FF2290000B224DF /* CCFileUtils-apple.mm */,
			);
			path = apple;
			sourceTree = "<group>";
		};
		1A69F0D81FF22B0200B224DF /* external */ = {
			isa = PBXGroup;
			children = (
				1A69F0D91FF22B0200B224DF /* source */,
				1A69F0E91FF22B0200B224DF /* mac */,
			);
			name = external;
			path = ../external;
			sourceTree = "<group>";
		};
		1A69F0D91FF22B0200B224DF /* source */ = {
			isa = PBXGroup;
			children = (
				1A69F0DA1FF22B0200B224DF /* unzip */,
				1A69F0E21FF22B0200B224DF /* tinyxml2 */,
				1A69F0E51FF22B0200B224DF /* tinydir */,
			);
			path = source;
			sourceTree = "<group>";
		};
		1A69F0DA1FF22B0200B224DF /* unzip */ = {
			isa = PBXGroup;
			children = (
				1A69F0DB1FF22B0200B224DF /* ioapi_mem.cpp */,
				1A69F0DC1FF22B0200B224DF /* ioapi.cpp */,
				1A69F0DD1FF22B0200B224DF /* unzip.cpp */,
				1A69F0DE1FF22B0200B224DF /* ioapi_mem.h */,
				1A69F0DF1FF22B0200B224DF /* crypt.h */,
				1A69F0E01FF22B0200B224DF /* unzip.h */,
				1A69F0E11FF22B0200B224DF /* ioapi.h */,
			);
			path = unzip;
			sourceTree = "<group>";
		};
		1A69F0E21FF22B0200B224DF /* tinyxml2 */ = {
			isa = PBXGroup;
			children = (
				1A69F0E31FF22B0200B224DF /* tinyxml2.cpp */,
				1A69F0E41FF22B0200B224DF /* tinyxml2.h */,
			);
			path = tinyxml2;
			sourceTree = "<group>";
		};
		1A69F0E51FF22B0200B224DF /* tinydir */ = {
			isa = PBXGroup;
			children = (
				1A69F0E61FF22B0200B224DF /* tinydir.h */,
				1A69F0E71FF22B0200B224DF /* COPYING */,
				1A69F0E81FF22B0200B224DF /* package.json */,
			);
			path = tinydir;
			sourceTree = "<group>";
		};
		1A69F0E91FF22B0200B224DF /* mac */ = {
			isa = PBXGroup;
			children = (
				1A69F0EA1FF22B0200B224DF /* include */,
				1A69F0F91FF22B0200B224DF /* libs */,
			);
			path = mac;
			sourceTree = "<group>";
		};
		1A69F0EA1FF22B0200B224DF /* include */ = {
			isa = PBXGroup;
			children = (
				1A69F0EB1FF22B0200B224DF /* glfw3 */,
				1A69F0EE1FF22B0200B224DF /* zlib */,
				1A69F0F11FF22B0200B224DF /* png */,
				1A69F0F51FF22B0200B224DF /* jpeg */,
			);
			path = include;
			sourceTree = "<group>";
		};
		1A69F0EB1FF22B0200B224DF /* glfw3 */ = {
			isa = PBXGroup;
			children = (
				1A69F0EC1FF22B0200B224DF /* glfw3.h */,
				1A69F0ED1FF22B0200B224DF /* glfw3native.h */,
			);
			path = glfw3;
			sourceTree = "<group>";
		};
		1A69F0EE1FF22B0200B224DF /* zlib */ = {
			isa = PBXGroup;
			children = (
				1A69F0EF1FF22B0200B224DF /* zlib.h */,
				1A69F0F01FF22B0200B224DF /* zconf.h */,
			);
			path = zlib;
			sourceTree = "<group>";
		};
		1A69F0F11FF22B0200B224DF /* png */ = {
			isa = PBXGroup;
			children = (
				1A69F0F21FF22B0200B224DF /* png.h */,
				1A69F0F31FF22B0200B224DF /* pnglibconf.h */,
				1A69F0F41FF22B0200B224DF /* pngconf.h */,
			);
			path = png;
			sourceTree = "<group>";
		};
		1A69F0F51FF22B0200B224DF /* jpeg */ = {
			isa = PBXGroup;
			children = (
				1A69F0F61FF22B0200B224DF /* jpeglib.h */,
				1A69F0F71FF22B0200B224DF /* jconfig.h */,
				1A69F0F81FF22B0200B224DF /* jmorecfg.h */,
			);
			path = jpeg;
			sourceTree = "<group>";
		};
		1A69F0F91FF22B0200B224DF /* libs */ = {
			isa = PBXGroup;
			children = (
				1A69F0FA1FF22B0200B224DF /* libz.a */,
				1A69F0FB1FF22B0200B224DF /* libpng.a */,
				1A69F0FC1FF22B0200B224DF /* libglfw3.a */,
				1A69F0FD1FF22B0200B224DF /* libjpeg.a */,
			);
			path = libs;
			sourceTree = "<group>";
		};
		4627245C1FF47B82000D13BC /* gfx */ = {
			isa = PBXGroup;
			children = (
				4627245D1FF47B82000D13BC /* Basic.cpp */,
				4627245E1FF47B82000D13BC /* Basic.h */,
			);
			path = gfx;
			sourceTree = "<group>";
		};
		466C44DB1FF0A67A00AA277B /* files-from-cocos2dx */ = {
			isa = PBXGroup;
			children = (
				1A69F10F1FF369D200B224DF /* cocos2d.h */,
				466C44E51FF2378E00AA277B /* math */,
				1A69F0881FF21E1900B224DF /* base */,
				1A69F0901FF21E1900B224DF /* platform */,
			);
			path = "files-from-cocos2dx";
			sourceTree = "<group>";
		};
		466C44E51FF2378E00AA277B /* math */ = {
			isa = PBXGroup;
			children = (
				466C44E61FF2378E00AA277B /* Vec2.h */,
				466C44E71FF2378E00AA277B /* Mat4.h */,
				466C44E81FF2378E00AA277B /* Quaternion.inl */,
				466C44E91FF2378E00AA277B /* CMakeLists.txt */,
				466C44EA1FF2378E00AA277B /* MathUtilNeon64.inl */,
				466C44EB1FF2378E00AA277B /* Mat4.inl */,
				466C44EC1FF2378E00AA277B /* Vec3.inl */,
				466C44ED1FF2378E00AA277B /* Vec2.inl */,
				466C44EE1FF2378E00AA277B /* MathUtilSSE.inl */,
				466C44EF1FF2378E00AA277B /* Quaternion.h */,
				466C44F01FF2378E00AA277B /* TransformUtils.h */,
				466C44F11FF2378E00AA277B /* MathUtil.cpp */,
				466C44F21FF2378E00AA277B /* Vec4.inl */,
				466C44F31FF2378E00AA277B /* CCGeometry.cpp */,
				466C44F41FF2378E00AA277B /* Vec4.h */,
				466C44F51FF2378E00AA277B /* CCAffineTransform.h */,
				466C44F61FF2378E00AA277B /* Mat4.cpp */,
				466C44F71FF2378E00AA277B /* CCGeometry.h */,
				466C44F81FF2378E00AA277B /* TransformUtils.cpp */,
				466C44F91FF2378E00AA277B /* Quaternion.cpp */,
				466C44FA1FF2378E00AA277B /* CCVertex.h */,
				466C44FB1FF2378E00AA277B /* CCVertex.cpp */,
				466C44FC1FF2378E00AA277B /* Vec4.cpp */,
				466C44FD1FF2378E00AA277B /* Vec3.h */,
				466C44FE1FF2378E00AA277B /* CCMathBase.h */,
				466C44FF1FF2378E00AA277B /* MathUtil.inl */,
				466C45001FF2378E00AA277B /* MathUtil.h */,
				466C45011FF2378E00AA277B /* Vec2.cpp */,
				466C45021FF2378E00AA277B /* CCMath.h */,
				466C45031FF2378E00AA277B /* Vec3.cpp */,
				466C45041FF2378E00AA277B /* CCAffineTransform.cpp */,
				466C45051FF2378E00AA277B /* MathUtilNeon.inl */,
			);
			path = math;
			sourceTree = "<group>";
		};
		469492531FE24978008D19CC = {
			isa = PBXGroup;
			children = (
				1A69F0D81FF22B0200B224DF /* external */,
				469492921FE270F2008D19CC /* src */,
				469492891FE26C96008D19CC /* tests */,
				4694925D1FE24978008D19CC /* Products */,
				4694927A1FE25061008D19CC /* Frameworks */,
			);
			sourceTree = "<group>";
		};
		4694925D1FE24978008D19CC /* Products */ = {
			isa = PBXGroup;
			children = (
				4694925C1FE24978008D19CC /* Test.app */,
			);
			name = Products;
			sourceTree = "<group>";
		};
		4694927A1FE25061008D19CC /* Frameworks */ = {
			isa = PBXGroup;
			children = (
				1A69F0CE1FF228AD00B224DF /* libglfw3.a */,
				1A69F0CD1FF228AD00B224DF /* libjpeg.a */,
				1A69F0CF1FF228AD00B224DF /* libpng.a */,
				1A69F0CC1FF228AD00B224DF /* libz.a */,
				469492831FE2530E008D19CC /* CoreVideo.framework */,
				469492811FE252FB008D19CC /* IOKit.framework */,
				4694927F1FE252E3008D19CC /* Cocoa.framework */,
				4694927D1FE2529E008D19CC /* OpenGL.framework */,
				4694927B1FE25061008D19CC /* libglfw3.a */,
			);
			name = Frameworks;
			sourceTree = "<group>";
		};
		469492891FE26C96008D19CC /* tests */ = {
			isa = PBXGroup;
			children = (
				4627245C1FF47B82000D13BC /* gfx */,
				1A69F1101FF36A4600B224DF /* assets */,
				4694928A1FE26CB5008D19CC /* main.cpp */,
				462724581FF3A00E000D13BC /* TestBase.h */,
			);
			path = tests;
			sourceTree = "<group>";
		};
		469492921FE270F2008D19CC /* src */ = {
			isa = PBXGroup;
			children = (
				466C44DB1FF0A67A00AA277B /* files-from-cocos2dx */,
				469492941FE270F2008D19CC /* gfx */,
				469492931FE270F2008D19CC /* macro.h */,
				1A69F10C1FF32D9300B224DF /* types.cpp */,
				4694929B1FE28190008D19CC /* types.h */,
			);
			name = src;
			path = ../src;
			sourceTree = "<group>";
		};
		469492941FE270F2008D19CC /* gfx */ = {
			isa = PBXGroup;
			children = (
				1A69F0691FF0FB4200B224DF /* CCIndexBuffer.cpp */,
				1A69F06D1FF0FB4200B224DF /* CCIndexBuffer.h */,
				1A69F06B1FF0FB4200B224DF /* CCVertexBuffer.cpp */,
				1A69F06A1FF0FB4200B224DF /* CCVertexBuffer.h */,
				1A69F0681FF0FB4200B224DF /* CCVertexFormat.cpp */,
				1A69F06C1FF0FB4200B224DF /* CCVertexFormat.h */,
				469492951FE270F2008D19CC /* CCDeviceGraphics.h */,
				469492961FE270F2008D19CC /* CCDeviceGraphics-gl.cpp */,
				469492981FE2775C008D19CC /* CCFrameBuffer.cpp */,
				469492991FE2775C008D19CC /* CCFrameBuffer.h */,
				466C44DF1FF0D98F00AA277B /* CCState.cpp */,
				466C44E01FF0D98F00AA277B /* CCState.h */,
				1A69F0721FF102A300B224DF /* CCRenderBuffer.cpp */,
				1A69F0731FF102A300B224DF /* CCRenderBuffer.h */,
				1A69F0751FF1E19D00B224DF /* CCGraphicsHandle.cpp */,
				1A69F0761FF1E19D00B224DF /* CCGraphicsHandle.h */,
				1A69F0781FF1E41A00B224DF /* CCRenderTarget.cpp */,
				1A69F0791FF1E41A00B224DF /* CCRenderTarget.h */,
				1A69F07B1FF1F50D00B224DF /* CCTexture.cpp */,
				1A69F07C1FF1F50D00B224DF /* CCTexture.h */,
				1A69F07E1FF1F52C00B224DF /* CCTexture2D.cpp */,
				1A69F07F1FF1F52C00B224DF /* CCTexture2D.h */,
				1A69F1081FF24ED200B224DF /* CCProgram.cpp */,
				1A69F1091FF24ED200B224DF /* CCProgram.h */,
				1A69F10E1FF3685100B224DF /* CCGFX.h */,
				1A69F1121FF37C1A00B224DF /* CCGFX.cpp */,
				1A69F1141FF380A200B224DF /* CCGFXUtils.cpp */,
				1A69F1151FF380A200B224DF /* CCGFXUtils.h */,
			);
			path = gfx;
			sourceTree = "<group>";
		};
/* End PBXGroup section */

/* Begin PBXNativeTarget section */
		4694925B1FE24978008D19CC /* Test */ = {
			isa = PBXNativeTarget;
			buildConfigurationList = 4694926D1FE24978008D19CC /* Build configuration list for PBXNativeTarget "Test" */;
			buildPhases = (
				469492581FE24978008D19CC /* Sources */,
				469492591FE24978008D19CC /* Frameworks */,
				4694925A1FE24978008D19CC /* Resources */,
			);
			buildRules = (
			);
			dependencies = (
			);
			name = Test;
			productName = Test;
			productReference = 4694925C1FE24978008D19CC /* Test.app */;
			productType = "com.apple.product-type.application";
		};
/* End PBXNativeTarget section */

/* Begin PBXProject section */
		469492541FE24978008D19CC /* Project object */ = {
			isa = PBXProject;
			attributes = {
				LastUpgradeCheck = 0910;
				ORGANIZATIONNAME = cocos;
				TargetAttributes = {
					4694925B1FE24978008D19CC = {
						CreatedOnToolsVersion = 9.1;
						ProvisioningStyle = Manual;
					};
				};
			};
			buildConfigurationList = 469492571FE24978008D19CC /* Build configuration list for PBXProject "Test" */;
			compatibilityVersion = "Xcode 8.0";
			developmentRegion = en;
			hasScannedForEncodings = 0;
			knownRegions = (
				en,
				Base,
			);
			mainGroup = 469492531FE24978008D19CC;
			productRefGroup = 4694925D1FE24978008D19CC /* Products */;
			projectDirPath = "";
			projectRoot = "";
			targets = (
				4694925B1FE24978008D19CC /* Test */,
			);
		};
/* End PBXProject section */

/* Begin PBXResourcesBuildPhase section */
		4694925A1FE24978008D19CC /* Resources */ = {
			isa = PBXResourcesBuildPhase;
			buildActionMask = 2147483647;
			files = (
				1A69F1111FF36A4600B224DF /* assets in Resources */,
				466C45071FF2378E00AA277B /* CMakeLists.txt in Resources */,
				466C450E1FF2378E00AA277B /* Vec4.inl in Resources */,
				466C450B1FF2378E00AA277B /* Vec2.inl in Resources */,
				466C45081FF2378E00AA277B /* MathUtilNeon64.inl in Resources */,
				1A69F1031FF22B0200B224DF /* package.json in Resources */,
				466C45191FF2378E00AA277B /* MathUtilNeon.inl in Resources */,
				466C450C1FF2378E00AA277B /* MathUtilSSE.inl in Resources */,
				466C450A1FF2378E00AA277B /* Vec3.inl in Resources */,
				466C45061FF2378E00AA277B /* Quaternion.inl in Resources */,
				1A69F1021FF22B0200B224DF /* COPYING in Resources */,
				466C45151FF2378E00AA277B /* MathUtil.inl in Resources */,
				466C45091FF2378E00AA277B /* Mat4.inl in Resources */,
			);
			runOnlyForDeploymentPostprocessing = 0;
		};
/* End PBXResourcesBuildPhase section */

/* Begin PBXSourcesBuildPhase section */
		469492581FE24978008D19CC /* Sources */ = {
			isa = PBXSourcesBuildPhase;
			buildActionMask = 2147483647;
			files = (
				4627245F1FF47B82000D13BC /* Basic.cpp in Sources */,
				1A69F0B01FF2230D00B224DF /* ccRandom.cpp in Sources */,
				466C45181FF2378E00AA277B /* CCAffineTransform.cpp in Sources */,
				1A69F0981FF21E1900B224DF /* CCRef.cpp in Sources */,
				1A69F06F1FF0FB4200B224DF /* CCIndexBuffer.cpp in Sources */,
				1A69F09C1FF21E1900B224DF /* CCFileUtils.cpp in Sources */,
				1A69F0AC1FF2229200B224DF /* pvr.cpp in Sources */,
				1A69F0801FF1F52C00B224DF /* CCTexture2D.cpp in Sources */,
				1A69F0701FF0FB4200B224DF /* CCVertexBuffer.cpp in Sources */,
				1A69F0771FF1E19D00B224DF /* CCGraphicsHandle.cpp in Sources */,
				1A69F0AB1FF2229200B224DF /* TGAlib.cpp in Sources */,
				1A69F10A1FF24ED200B224DF /* CCProgram.cpp in Sources */,
				1A69F09B1FF21E1900B224DF /* CCImage.cpp in Sources */,
				466C45111FF2378E00AA277B /* TransformUtils.cpp in Sources */,
				466C45161FF2378E00AA277B /* Vec2.cpp in Sources */,
				466C45171FF2378E00AA277B /* Vec3.cpp in Sources */,
				1A69F07A1FF1E41A00B224DF /* CCRenderTarget.cpp in Sources */,
				1A69F0741FF102A300B224DF /* CCRenderBuffer.cpp in Sources */,
				466C45131FF2378E00AA277B /* CCVertex.cpp in Sources */,
				466C45141FF2378E00AA277B /* Vec4.cpp in Sources */,
				4694928B1FE26CB5008D19CC /* main.cpp in Sources */,
				1A69F0FE1FF22B0200B224DF /* ioapi_mem.cpp in Sources */,
				1A69F07D1FF1F50D00B224DF /* CCTexture.cpp in Sources */,
				1A69F09F1FF21F3100B224DF /* CCData.cpp in Sources */,
				4694929A1FE2775C008D19CC /* CCFrameBuffer.cpp in Sources */,
				466C450F1FF2378E00AA277B /* CCGeometry.cpp in Sources */,
				1A69F11C1FF384DD00B224DF /* CCConsole.cpp in Sources */,
				466C45101FF2378E00AA277B /* Mat4.cpp in Sources */,
				1A69F0BC1FF2248500B224DF /* ZipUtils.cpp in Sources */,
				1A69F1161FF380A200B224DF /* CCGFXUtils.cpp in Sources */,
				466C450D1FF2378E00AA277B /* MathUtil.cpp in Sources */,
				1A69F0CA1FF2261A00B224DF /* CCConfiguration.cpp in Sources */,
				1A69F10D1FF32D9300B224DF /* types.cpp in Sources */,
				1A69F1131FF37C1A00B224DF /* CCGFX.cpp in Sources */,
				1A69F0AA1FF2229200B224DF /* etc1.cpp in Sources */,
				1A69F0FF1FF22B0200B224DF /* ioapi.cpp in Sources */,
				1A69F06E1FF0FB4200B224DF /* CCVertexFormat.cpp in Sources */,
				1A69F09A1FF21E1900B224DF /* CCValue.cpp in Sources */,
				1A69F0991FF21E1900B224DF /* ccTypes.cpp in Sources */,
				1A69F1011FF22B0200B224DF /* tinyxml2.cpp in Sources */,
				1A69F1001FF22B0200B224DF /* unzip.cpp in Sources */,
				1A69F0D71FF2290100B224DF /* CCFileUtils-apple.mm in Sources */,
				469492971FE270F2008D19CC /* CCDeviceGraphics-gl.cpp in Sources */,
				1A69F0B31FF223AF00B224DF /* CCSAXParser.cpp in Sources */,
				466C45121FF2378E00AA277B /* Quaternion.cpp in Sources */,
				466C44E11FF0D98F00AA277B /* CCState.cpp in Sources */,
			);
			runOnlyForDeploymentPostprocessing = 0;
		};
/* End PBXSourcesBuildPhase section */

/* Begin XCBuildConfiguration section */
		4694926B1FE24978008D19CC /* Debug */ = {
			isa = XCBuildConfiguration;
			buildSettings = {
				ALWAYS_SEARCH_USER_PATHS = YES;
				CLANG_ANALYZER_NONNULL = YES;
				CLANG_ANALYZER_NUMBER_OBJECT_CONVERSION = YES_AGGRESSIVE;
				CLANG_CXX_LANGUAGE_STANDARD = "gnu++14";
				CLANG_CXX_LIBRARY = "libc++";
				CLANG_ENABLE_MODULES = YES;
				CLANG_ENABLE_OBJC_ARC = YES;
				CLANG_WARN_BLOCK_CAPTURE_AUTORELEASING = YES;
				CLANG_WARN_BOOL_CONVERSION = YES;
				CLANG_WARN_COMMA = YES;
				CLANG_WARN_CONSTANT_CONVERSION = YES;
				CLANG_WARN_DIRECT_OBJC_ISA_USAGE = YES_ERROR;
				CLANG_WARN_DOCUMENTATION_COMMENTS = YES;
				CLANG_WARN_EMPTY_BODY = YES;
				CLANG_WARN_ENUM_CONVERSION = YES;
				CLANG_WARN_INFINITE_RECURSION = YES;
				CLANG_WARN_INT_CONVERSION = YES;
				CLANG_WARN_NON_LITERAL_NULL_CONVERSION = YES;
				CLANG_WARN_OBJC_LITERAL_CONVERSION = YES;
				CLANG_WARN_OBJC_ROOT_CLASS = YES_ERROR;
				CLANG_WARN_RANGE_LOOP_ANALYSIS = YES;
				CLANG_WARN_STRICT_PROTOTYPES = YES;
				CLANG_WARN_SUSPICIOUS_MOVE = YES;
				CLANG_WARN_UNGUARDED_AVAILABILITY = YES_AGGRESSIVE;
				CLANG_WARN_UNREACHABLE_CODE = YES;
				CLANG_WARN__DUPLICATE_METHOD_MATCH = YES;
				CODE_SIGN_IDENTITY = "";
				COPY_PHASE_STRIP = NO;
				DEBUG_INFORMATION_FORMAT = dwarf;
				ENABLE_STRICT_OBJC_MSGSEND = YES;
				ENABLE_TESTABILITY = YES;
				GCC_C_LANGUAGE_STANDARD = gnu11;
				GCC_DYNAMIC_NO_PIC = NO;
				GCC_NO_COMMON_BLOCKS = YES;
				GCC_OPTIMIZATION_LEVEL = 0;
				GCC_PREPROCESSOR_DEFINITIONS = (
					"DEBUG=1",
					"$(inherited)",
				);
				GCC_WARN_64_TO_32_BIT_CONVERSION = YES;
				GCC_WARN_ABOUT_RETURN_TYPE = YES_ERROR;
				GCC_WARN_UNDECLARED_SELECTOR = YES;
				GCC_WARN_UNINITIALIZED_AUTOS = YES_AGGRESSIVE;
				GCC_WARN_UNUSED_FUNCTION = YES;
				GCC_WARN_UNUSED_VARIABLE = YES;
				MACOSX_DEPLOYMENT_TARGET = 10.13;
				MTL_ENABLE_DEBUG_INFO = YES;
				ONLY_ACTIVE_ARCH = YES;
				SDKROOT = macosx;
			};
			name = Debug;
		};
		4694926C1FE24978008D19CC /* Release */ = {
			isa = XCBuildConfiguration;
			buildSettings = {
				ALWAYS_SEARCH_USER_PATHS = YES;
				CLANG_ANALYZER_NONNULL = YES;
				CLANG_ANALYZER_NUMBER_OBJECT_CONVERSION = YES_AGGRESSIVE;
				CLANG_CXX_LANGUAGE_STANDARD = "gnu++14";
				CLANG_CXX_LIBRARY = "libc++";
				CLANG_ENABLE_MODULES = YES;
				CLANG_ENABLE_OBJC_ARC = YES;
				CLANG_WARN_BLOCK_CAPTURE_AUTORELEASING = YES;
				CLANG_WARN_BOOL_CONVERSION = YES;
				CLANG_WARN_COMMA = YES;
				CLANG_WARN_CONSTANT_CONVERSION = YES;
				CLANG_WARN_DIRECT_OBJC_ISA_USAGE = YES_ERROR;
				CLANG_WARN_DOCUMENTATION_COMMENTS = YES;
				CLANG_WARN_EMPTY_BODY = YES;
				CLANG_WARN_ENUM_CONVERSION = YES;
				CLANG_WARN_INFINITE_RECURSION = YES;
				CLANG_WARN_INT_CONVERSION = YES;
				CLANG_WARN_NON_LITERAL_NULL_CONVERSION = YES;
				CLANG_WARN_OBJC_LITERAL_CONVERSION = YES;
				CLANG_WARN_OBJC_ROOT_CLASS = YES_ERROR;
				CLANG_WARN_RANGE_LOOP_ANALYSIS = YES;
				CLANG_WARN_STRICT_PROTOTYPES = YES;
				CLANG_WARN_SUSPICIOUS_MOVE = YES;
				CLANG_WARN_UNGUARDED_AVAILABILITY = YES_AGGRESSIVE;
				CLANG_WARN_UNREACHABLE_CODE = YES;
				CLANG_WARN__DUPLICATE_METHOD_MATCH = YES;
				CODE_SIGN_IDENTITY = "";
				COPY_PHASE_STRIP = NO;
				DEBUG_INFORMATION_FORMAT = "dwarf-with-dsym";
				ENABLE_NS_ASSERTIONS = NO;
				ENABLE_STRICT_OBJC_MSGSEND = YES;
				GCC_C_LANGUAGE_STANDARD = gnu11;
				GCC_NO_COMMON_BLOCKS = YES;
				GCC_WARN_64_TO_32_BIT_CONVERSION = YES;
				GCC_WARN_ABOUT_RETURN_TYPE = YES_ERROR;
				GCC_WARN_UNDECLARED_SELECTOR = YES;
				GCC_WARN_UNINITIALIZED_AUTOS = YES_AGGRESSIVE;
				GCC_WARN_UNUSED_FUNCTION = YES;
				GCC_WARN_UNUSED_VARIABLE = YES;
				MACOSX_DEPLOYMENT_TARGET = 10.13;
				MTL_ENABLE_DEBUG_INFO = NO;
				SDKROOT = macosx;
			};
			name = Release;
		};
		4694926E1FE24978008D19CC /* Debug */ = {
			isa = XCBuildConfiguration;
			buildSettings = {
				ASSETCATALOG_COMPILER_APPICON_NAME = AppIcon;
				CLANG_CXX_LANGUAGE_STANDARD = "c++0x";
				CODE_SIGN_ENTITLEMENTS = "";
				CODE_SIGN_IDENTITY = "";
				CODE_SIGN_STYLE = Manual;
				COMBINE_HIDPI_IMAGES = YES;
				DEVELOPMENT_TEAM = "";
				GCC_PREPROCESSOR_DEFINITIONS = (
					"$(inherited)",
					"CC_USE_TIFF=0",
					"CC_USE_WEBP=0",
					USE_FILE32API,
					"COCOS2D_DEBUG=1",
				);
				HEADER_SEARCH_PATHS = "";
				INFOPLIST_FILE = "";
				LD_RUNPATH_SEARCH_PATHS = "$(inherited) @executable_path/../Frameworks";
				LIBRARY_SEARCH_PATHS = "$(SRCROOT)/../external/mac/libs";
				PRODUCT_BUNDLE_IDENTIFIER = test.org.cocos;
				PRODUCT_NAME = "$(TARGET_NAME)";
				PROVISIONING_PROFILE_SPECIFIER = "";
				USER_HEADER_SEARCH_PATHS = "$(SRCROOT)/../src $(SRCROOT)/../src/files-from-cocos2dx $(SRCROOT)/../external/mac/include $(SRCROOT)/../external/source";
			};
			name = Debug;
		};
		4694926F1FE24978008D19CC /* Release */ = {
			isa = XCBuildConfiguration;
			buildSettings = {
				ASSETCATALOG_COMPILER_APPICON_NAME = AppIcon;
				CLANG_CXX_LANGUAGE_STANDARD = "c++0x";
				CODE_SIGN_ENTITLEMENTS = "";
				CODE_SIGN_STYLE = Manual;
				COMBINE_HIDPI_IMAGES = YES;
				DEVELOPMENT_TEAM = "";
				HEADER_SEARCH_PATHS = "";
				INFOPLIST_FILE = "";
				LD_RUNPATH_SEARCH_PATHS = "$(inherited) @executable_path/../Frameworks";
				LIBRARY_SEARCH_PATHS = "$(SRCROOT)/../external/mac/libs";
				PRODUCT_BUNDLE_IDENTIFIER = test.org.cocos;
				PRODUCT_NAME = "$(TARGET_NAME)";
				PROVISIONING_PROFILE_SPECIFIER = "";
				USER_HEADER_SEARCH_PATHS = "$(SRCROOT)/../src $(SRCROOT)/../src/files-from-cocos2dx $(SRCROOT)/../external/mac/include $(SRCROOT)/../external/source";
			};
			name = Release;
		};
/* End XCBuildConfiguration section */

/* Begin XCConfigurationList section */
		469492571FE24978008D19CC /* Build configuration list for PBXProject "Test" */ = {
			isa = XCConfigurationList;
			buildConfigurations = (
				4694926B1FE24978008D19CC /* Debug */,
				4694926C1FE24978008D19CC /* Release */,
			);
			defaultConfigurationIsVisible = 0;
			defaultConfigurationName = Release;
		};
		4694926D1FE24978008D19CC /* Build configuration list for PBXNativeTarget "Test" */ = {
			isa = XCConfigurationList;
			buildConfigurations = (
				4694926E1FE24978008D19CC /* Debug */,
				4694926F1FE24978008D19CC /* Release */,
			);
			defaultConfigurationIsVisible = 0;
			defaultConfigurationName = Release;
		};
/* End XCConfigurationList section */
	};
	rootObject = 469492541FE24978008D19CC /* Project object */;
}
